
Microsoft Visual Studio Solution File, Format Version 12.00
# Visual Studio Version 17
VisualStudioVersion = 17.4.33122.133
MinimumVisualStudioVersion = 10.0.40219.1
Project("{FAE04EC0-301F-11D3-BF4B-00C04F79EFBC}") = "Simple Calculetor", "Simple Calculetor\Simple Calculetor.csproj", "{ED101AF7-8387-48FF-857A-B251B37191A8}"
EndProject
Global
	GlobalSection(SolutionConfigurationPlatforms) = preSolution
		Debug|Any CPU = Debug|Any CPU
		Release|Any CPU = Release|Any CPU
	EndGlobalSection
	GlobalSection(ProjectConfigurationPlatforms) = postSolution
		{ED101AF7-8387-48FF-857A-B251B37191A8}.Debug|Any CPU.ActiveCfg = Debug|Any CPU
		{ED101AF7-8387-48FF-857A-B251B37191A8}.Debug|Any CPU.Build.0 = Debug|Any CPU
		{ED101AF7-8387-48FF-857A-B251B37191A8}.Release|Any CPU.ActiveCfg = Release|Any CPU
		{ED101AF7-8387-48FF-857A-B251B37191A8}.Release|Any CPU.Build.0 = Release|Any CPU
	EndGlobalSection
	GlobalSection(SolutionProperties) = preSolution
		HideSolutionNode = FALSE
	EndGlobalSection
	GlobalSection(ExtensibilityGlobals) = postSolution
		SolutionGuid = {BCDA2A87-08C5-4462-BF5F-D9A7FEF8527B}
	EndGlobalSection
EndGlobal
